// !$*UTF8*$!
{
	archiveVersion = 1;
	classes = {
	};
	objectVersion = 77;
	objects = {

/* Begin PBXBuildFile section */
		A10000010000000000000001 /* SleepMateApp.swift in Sources */ = {isa = PBXBuildFile; fileRef = A20000010000000000000001 /* SleepMateApp.swift */; };
		A10000010000000000000002 /* FriendListView.swift in Sources */ = {isa = PBXBuildFile; fileRef = A20000010000000000000002 /* FriendListView.swift */; };
		A10000010000000000000003 /* Localizable.strings in Resources */ = {isa = PBXBuildFile; fileRef = A20000010000000000000003 /* Localizable.strings */; };
		A10000010000000000000004 /* Localizable.strings in Resources */ = {isa = PBXBuildFile; fileRef = A20000010000000000000004 /* Localizable.strings */; };
		A10000010000000000000005 /* SleepMateCore in Frameworks */ = {isa = PBXBuildFile; productRef = A60000010000000000000001 /* SleepMateCore */; };
		B10000010000000000000001 /* SleepMateAppLaunchTests.swift in Sources */ = {isa = PBXBuildFile; fileRef = B20000010000000000000001 /* SleepMateAppLaunchTests.swift */; };
/* End PBXBuildFile section */

/* Begin PBXFileReference section */
		A20000010000000000000001 /* SleepMateApp.swift */ = {isa = PBXFileReference; lastKnownFileType = sourcecode.swift; path = SleepMateApp.swift; sourceTree = "<group>"; };
		A20000010000000000000002 /* FriendListView.swift */ = {isa = PBXFileReference; lastKnownFileType = sourcecode.swift; path = FriendListView.swift; sourceTree = "<group>"; };
		A20000010000000000000003 /* Localizable.strings */ = {isa = PBXFileReference; lastKnownFileType = text.plist.strings; name = "zh-Hans"; path = "zh-Hans.lproj/Localizable.strings"; sourceTree = "<group>"; };
		A20000010000000000000004 /* Localizable.strings */ = {isa = PBXFileReference; lastKnownFileType = text.plist.strings; name = en; path = "en.lproj/Localizable.strings"; sourceTree = "<group>"; };
		A20000010000000000000005 /* SleepMate.app */ = {isa = PBXFileReference; explicitFileType = wrapper.application; includeInIndex = 0; path = SleepMate.app; sourceTree = BUILT_PRODUCTS_DIR; };
		B20000010000000000000001 /* SleepMateAppLaunchTests.swift */ = {isa = PBXFileReference; lastKnownFileType = sourcecode.swift; path = SleepMateAppLaunchTests.swift; sourceTree = "<group>"; };
		B20000010000000000000002 /* SleepMateUITests.xctest */ = {isa = PBXFileReference; explicitFileType = wrapper.cfbundle; includeInIndex = 0; path = SleepMateUITests.xctest; sourceTree = BUILT_PRODUCTS_DIR; };
/* End PBXFileReference section */

/* Begin PBXFrameworksBuildPhase section */
		A30000010000000000000001 /* Frameworks */ = {
			isa = PBXFrameworksBuildPhase;
			buildActionMask = 2147483647;
			files = (
				A10000010000000000000005 /* SleepMateCore in Frameworks */,
			);
			runOnlyForDeploymentPostprocessing = 0;
		};
		B30000010000000000000002 /* Frameworks */ = {
			isa = PBXFrameworksBuildPhase;
			buildActionMask = 2147483647;
			files = (
			);
			runOnlyForDeploymentPostprocessing = 0;
		};
/* End PBXFrameworksBuildPhase section */

/* Begin PBXGroup section */
		A40000010000000000000001 = {
			isa = PBXGroup;
			children = (
				A40000010000000000000002 /* App */,
				A40000010000000000000004 /* Tests */,
				A40000010000000000000003 /* Products */,
			);
			sourceTree = "<group>";
		};
		A40000010000000000000002 /* App */ = {
			isa = PBXGroup;
			children = (
				A20000010000000000000001 /* SleepMateApp.swift */,
				A20000010000000000000002 /* FriendListView.swift */,
				A40000010000000000000005 /* Resources */,
			);
			path = App;
			sourceTree = "<group>";
		};
		A40000010000000000000003 /* Products */ = {
			isa = PBXGroup;
			children = (
				A20000010000000000000005 /* SleepMate.app */,
			);
			name = Products;
			sourceTree = "<group>";
		};
		A40000010000000000000004 /* Tests */ = {
			isa = PBXGroup;
			children = (
				B20000010000000000000001 /* SleepMateAppLaunchTests.swift */,
			);
			path = App;
			sourceTree = "<group>";
		};
		A40000010000000000000005 /* Resources */ = {
			isa = PBXGroup;
			children = (
				A20000010000000000000003 /* Localizable.strings */,
				A20000010000000000000004 /* Localizable.strings */,
			);
			path = Resources;
			sourceTree = "<group>";
		};
/* End PBXGroup section */

/* Begin PBXNativeTarget section */
		B50000010000000000000001 /* SleepMateUITests */ = {
			isa = PBXNativeTarget;
			buildConfigurationList = B70000010000000000000001 /* Build configuration list for PBXNativeTarget "SleepMateUITests" */;
			buildPhases = (
				B30000010000000000000001 /* Sources */,
				B30000010000000000000002 /* Frameworks */,
			);
			buildRules = (
			);
			dependencies = (
				B40000010000000000000001 /* PBXTargetDependency */,
			);
			name = SleepMateUITests;
			productName = SleepMateUITests;
			productReference = B20000010000000000000002 /* SleepMateUITests.xctest */;
			productType = "com.apple.product-type.bundle.ui-testing";
		};
		A50000010000000000000001 /* SleepMate */ = {
			isa = PBXNativeTarget;
			buildConfigurationList = A70000010000000000000002 /* Build configuration list for PBXNativeTarget "SleepMate" */;
			buildPhases = (
				A30000010000000000000002 /* Sources */,
				A30000010000000000000003 /* Resources */,
				A30000010000000000000001 /* Frameworks */,
			);
			buildRules = (
			);
			dependencies = (
			);
			name = SleepMate;
			packageProductDependencies = (
				A60000010000000000000001 /* SleepMateCore */,
			);
			productName = SleepMate;
			productReference = A20000010000000000000005 /* SleepMate.app */;
			productType = "com.apple.product-type.application";
		};
/* End PBXNativeTarget section */

/* Begin PBXContainerItemProxy section */
		B80000010000000000000001 /* PBXContainerItemProxy */ = {
			isa = PBXContainerItemProxy;
			containerPortal = A50000010000000000000002 /* Project object */;
			proxyType = 1;
			remoteGlobalIDString = A50000010000000000000001;
			remoteInfo = SleepMate;
		};
/* End PBXContainerItemProxy section */

/* Begin PBXTargetDependency section */
		B40000010000000000000001 /* PBXTargetDependency */ = {
			isa = PBXTargetDependency;
			target = A50000010000000000000001 /* SleepMate */;
			targetProxy = B80000010000000000000001 /* PBXContainerItemProxy */;
		};
/* End PBXTargetDependency section */

/* Begin PBXProject section */
		A50000010000000000000002 /* Project object */ = {
			isa = PBXProject;
			attributes = {
				BuildIndependentTargetsInParallel = 1;
				LastUpgradeCheck = 2660;
				TargetAttributes = {
					A50000010000000000000001 = {
						CreatedOnToolsVersion = 26.6;
					};
					B50000010000000000000001 = {
						CreatedOnToolsVersion = 26.6;
						TestTargetID = A50000010000000000000001;
					};
				};
			};
			buildConfigurationList = A70000010000000000000001 /* Build configuration list for PBXProject "SleepMate" */;
			compatibilityVersion = "Xcode 16.0";
			developmentRegion = en;
			hasScannedForEncodings = 0;
			knownRegions = (
				en,
				"zh-Hans",
				Base,
			);
			mainGroup = A40000010000000000000001;
			packageReferences = (
				A80000010000000000000001 /* XCLocalSwiftPackageReference "" */,
			);
			productRefGroup = A40000010000000000000003 /* Products */;
			projectDirPath = "";
			projectRoot = "";
			targets = (
				A50000010000000000000001 /* SleepMate */,
				B50000010000000000000001 /* SleepMateUITests */,
			);
		};
/* End PBXProject section */

/* Begin PBXResourcesBuildPhase section */
		A30000010000000000000003 /* Resources */ = {
			isa = PBXResourcesBuildPhase;
			buildActionMask = 2147483647;
			files = (
				A10000010000000000000003 /* Localizable.strings in Resources */,
				A10000010000000000000004 /* Localizable.strings in Resources */,
			);
			runOnlyForDeploymentPostprocessing = 0;
		};
/* End PBXResourcesBuildPhase section */

/* Begin PBXSourcesBuildPhase section */
		A30000010000000000000002 /* Sources */ = {
			isa = PBXSourcesBuildPhase;
			buildActionMask = 2147483647;
			files = (
				A10000010000000000000001 /* SleepMateApp.swift in Sources */,
				A10000010000000000000002 /* FriendListView.swift in Sources */,
			);
			runOnlyForDeploymentPostprocessing = 0;
		};
		B30000010000000000000001 /* Sources */ = {
			isa = PBXSourcesBuildPhase;
			buildActionMask = 2147483647;
			files = (
				B10000010000000000000001 /* SleepMateAppLaunchTests.swift in Sources */,
			);
			runOnlyForDeploymentPostprocessing = 0;
		};
/* End PBXSourcesBuildPhase section */

/* Begin XCBuildConfiguration section */
		A90000010000000000000001 /* Debug */ = {
			isa = XCBuildConfiguration;
			buildSettings = {
				ASSETCATALOG_COMPILER_APPICON_NAME = AppIcon;
				CLANG_ENABLE_MODULES = YES;
				CODE_SIGNING_ALLOWED = NO;
				CODE_SIGNING_REQUIRED = NO;
				CURRENT_PROJECT_VERSION = 1;
				GENERATE_INFOPLIST_FILE = YES;
				INFOPLIST_KEY_CFBundleDisplayName = SleepMate;
				INFOPLIST_KEY_NSMicrophoneUsageDescription = "用于睡前 AI 好友语音陪聊。";
				INFOPLIST_KEY_NSSpeechRecognitionUsageDescription = "用于显示你的实时语音转写。";
				IPHONEOS_DEPLOYMENT_TARGET = 17.0;
				PRODUCT_BUNDLE_IDENTIFIER = com.sleepmate.app;
				PRODUCT_NAME = "$(TARGET_NAME)";
				SDKROOT = iphoneos;
				SUPPORTED_PLATFORMS = "iphoneos iphonesimulator";
				SWIFT_VERSION = 5.0;
				TARGETED_DEVICE_FAMILY = 1;
			};
			name = Debug;
		};
		A90000010000000000000002 /* Release */ = {
			isa = XCBuildConfiguration;
			buildSettings = {
				ASSETCATALOG_COMPILER_APPICON_NAME = AppIcon;
				CLANG_ENABLE_MODULES = YES;
				CODE_SIGNING_ALLOWED = NO;
				CODE_SIGNING_REQUIRED = NO;
				CURRENT_PROJECT_VERSION = 1;
				GENERATE_INFOPLIST_FILE = YES;
				INFOPLIST_KEY_CFBundleDisplayName = SleepMate;
				INFOPLIST_KEY_NSMicrophoneUsageDescription = "用于睡前 AI 好友语音陪聊。";
				INFOPLIST_KEY_NSSpeechRecognitionUsageDescription = "用于显示你的实时语音转写。";
				IPHONEOS_DEPLOYMENT_TARGET = 17.0;
				PRODUCT_BUNDLE_IDENTIFIER = com.sleepmate.app;
				PRODUCT_NAME = "$(TARGET_NAME)";
				SDKROOT = iphoneos;
				SUPPORTED_PLATFORMS = "iphoneos iphonesimulator";
				SWIFT_VERSION = 5.0;
				TARGETED_DEVICE_FAMILY = 1;
			};
			name = Release;
		};
		B90000010000000000000001 /* Debug */ = {
			isa = XCBuildConfiguration;
			buildSettings = {
				CLANG_ENABLE_MODULES = YES;
				CODE_SIGNING_ALLOWED = NO;
				CODE_SIGNING_REQUIRED = NO;
				CURRENT_PROJECT_VERSION = 1;
				GENERATE_INFOPLIST_FILE = YES;
				IPHONEOS_DEPLOYMENT_TARGET = 17.0;
				PRODUCT_BUNDLE_IDENTIFIER = com.sleepmate.app.uitests;
				PRODUCT_NAME = "$(TARGET_NAME)";
				SDKROOT = iphoneos;
				SUPPORTED_PLATFORMS = "iphoneos iphonesimulator";
				SWIFT_VERSION = 5.0;
				TARGETED_DEVICE_FAMILY = 1;
				TEST_TARGET_NAME = SleepMate;
			};
			name = Debug;
		};
		B90000010000000000000002 /* Release */ = {
			isa = XCBuildConfiguration;
			buildSettings = {
				CLANG_ENABLE_MODULES = YES;
				CODE_SIGNING_ALLOWED = NO;
				CODE_SIGNING_REQUIRED = NO;
				CURRENT_PROJECT_VERSION = 1;
				GENERATE_INFOPLIST_FILE = YES;
				IPHONEOS_DEPLOYMENT_TARGET = 17.0;
				PRODUCT_BUNDLE_IDENTIFIER = com.sleepmate.app.uitests;
				PRODUCT_NAME = "$(TARGET_NAME)";
				SDKROOT = iphoneos;
				SUPPORTED_PLATFORMS = "iphoneos iphonesimulator";
				SWIFT_VERSION = 5.0;
				TARGETED_DEVICE_FAMILY = 1;
				TEST_TARGET_NAME = SleepMate;
			};
			name = Release;
		};
/* End XCBuildConfiguration section */

/* Begin XCConfigurationList section */
		A70000010000000000000001 /* Build configuration list for PBXProject "SleepMate" */ = {
			isa = XCConfigurationList;
			buildConfigurations = (
				A90000010000000000000001 /* Debug */,
				A90000010000000000000002 /* Release */,
			);
			defaultConfigurationIsVisible = 0;
			defaultConfigurationName = Release;
		};
		A70000010000000000000002 /* Build configuration list for PBXNativeTarget "SleepMate" */ = {
			isa = XCConfigurationList;
			buildConfigurations = (
				A90000010000000000000003 /* Debug */,
				A90000010000000000000004 /* Release */,
			);
			defaultConfigurationIsVisible = 0;
			defaultConfigurationName = Release;
		};
		B70000010000000000000001 /* Build configuration list for PBXNativeTarget "SleepMateUITests" */ = {
			isa = XCConfigurationList;
			buildConfigurations = (
				B90000010000000000000001 /* Debug */,
				B90000010000000000000002 /* Release */,
			);
			defaultConfigurationIsVisible = 0;
			defaultConfigurationName = Release;
		};
/* End XCConfigurationList section */

/* Begin XCLocalSwiftPackageReference section */
		A80000010000000000000001 /* XCLocalSwiftPackageReference "" */ = {
			isa = XCLocalSwiftPackageReference;
			relativePath = .;
		};
/* End XCLocalSwiftPackageReference section */

/* Begin XCSwiftPackageProductDependency section */
		A60000010000000000000001 /* SleepMateCore */ = {
			isa = XCSwiftPackageProductDependency;
			package = A80000010000000000000001 /* XCLocalSwiftPackageReference "" */;
			productName = SleepMateCore;
		};
/* End XCSwiftPackageProductDependency section */
	};
	rootObject = A50000010000000000000002 /* Project object */;
}
